// !$*UTF8*$!
{
	archiveVersion = 1;
	classes = {
	};
	objectVersion = 77;
	objects = {

/* Begin PBXBuildFile section */
		823CAF5BAFBB295F21391E12 /* Pods_Teletester.framework in Frameworks */ = {isa = PBXBuildFile; fileRef = 0D2715BE9E3A45225C4D0BA0 /* Pods_Teletester.framework */; };
		BE38AA9DB0D2807093265BB6 /* Pods_backgroundnotifications.framework in Frameworks */ = {isa = PBXBuildFile; fileRef = 627BD3C8686360DB49214F38 /* Pods_backgroundnotifications.framework */; };
		FAC5BB292ECDDEF6002CE575 /* DeviceActivity.framework in Frameworks */ = {isa = PBXBuildFile; fileRef = FAC5BB282ECDDEF6002CE575 /* DeviceActivity.framework */; };
		FAF5C5012ECCABBB00E76882 /* backgroundnotifications.appex in Embed Foundation Extensions */ = {isa = PBXBuildFile; fileRef = FAF5C4FA2ECCABBB00E76882 /* backgroundnotifications.appex */; settings = {ATTRIBUTES = (RemoveHeadersOnCopy, ); }; };
		FAF5C5362ECCBDE100E76882 /* UserNotifications.framework in Frameworks */ = {isa = PBXBuildFile; fileRef = FAF5C5352ECCBDE100E76882 /* UserNotifications.framework */; };
/* End PBXBuildFile section */

/* Begin PBXContainerItemProxy section */
		FAF5C4FF2ECCABBB00E76882 /* PBXContainerItemProxy */ = {
			isa = PBXContainerItemProxy;
			containerPortal = FAF5C4CC2ECC9FF300E76882 /* Project object */;
			proxyType = 1;
			remoteGlobalIDString = FAF5C4F92ECCABBB00E76882;
			remoteInfo = backgroundnotifications;
		};
/* End PBXContainerItemProxy section */

/* Begin PBXCopyFilesBuildPhase section */
		FAF5C5062ECCABBB00E76882 /* Embed Foundation Extensions */ = {
			isa = PBXCopyFilesBuildPhase;
			buildActionMask = 2147483647;
			dstPath = "";
			dstSubfolderSpec = 13;
			files = (
				FAF5C5012ECCABBB00E76882 /* backgroundnotifications.appex in Embed Foundation Extensions */,
			);
			name = "Embed Foundation Extensions";
			runOnlyForDeploymentPostprocessing = 0;
		};
/* End PBXCopyFilesBuildPhase section */

/* Begin PBXFileReference section */
		0D2715BE9E3A45225C4D0BA0 /* Pods_Teletester.framework */ = {isa = PBXFileReference; explicitFileType = wrapper.framework; includeInIndex = 0; path = Pods_Teletester.framework; sourceTree = BUILT_PRODUCTS_DIR; };
		3C1AD18845BAF2A10023EE44 /* Pods-Teletester.release.xcconfig */ = {isa = PBXFileReference; includeInIndex = 1; lastKnownFileType = text.xcconfig; name = "Pods-Teletester.release.xcconfig"; path = "Target Support Files/Pods-Teletester/Pods-Teletester.release.xcconfig"; sourceTree = "<group>"; };
		4EE8A4DDDB36590915EB5652 /* Pods-backgroundnotifications.release.xcconfig */ = {isa = PBXFileReference; includeInIndex = 1; lastKnownFileType = text.xcconfig; name = "Pods-backgroundnotifications.release.xcconfig"; path = "Target Support Files/Pods-backgroundnotifications/Pods-backgroundnotifications.release.xcconfig"; sourceTree = "<group>"; };
		627BD3C8686360DB49214F38 /* Pods_backgroundnotifications.framework */ = {isa = PBXFileReference; explicitFileType = wrapper.framework; includeInIndex = 0; path = Pods_backgroundnotifications.framework; sourceTree = BUILT_PRODUCTS_DIR; };
		9CABBA4F178EE38409458255 /* Pods-backgroundnotifications.debug.xcconfig */ = {isa = PBXFileReference; includeInIndex = 1; lastKnownFileType = text.xcconfig; name = "Pods-backgroundnotifications.debug.xcconfig"; path = "Target Support Files/Pods-backgroundnotifications/Pods-backgroundnotifications.debug.xcconfig"; sourceTree = "<group>"; };
		B13536E23BEE12349C86443C /* Pods-Teletester.debug.xcconfig */ = {isa = PBXFileReference; includeInIndex = 1; lastKnownFileType = text.xcconfig; name = "Pods-Teletester.debug.xcconfig"; path = "Target Support Files/Pods-Teletester/Pods-Teletester.debug.xcconfig"; sourceTree = "<group>"; };
		FAC5BB282ECDDEF6002CE575 /* DeviceActivity.framework */ = {isa = PBXFileReference; lastKnownFileType = wrapper.framework; name = DeviceActivity.framework; path = System/Library/Frameworks/DeviceActivity.framework; sourceTree = SDKROOT; };
		FAF5C4D42ECC9FF300E76882 /* Teletester.app */ = {isa = PBXFileReference; explicitFileType = wrapper.application; includeInIndex = 0; path = Teletester.app; sourceTree = BUILT_PRODUCTS_DIR; };
		FAF5C4FA2ECCABBB00E76882 /* backgroundnotifications.appex */ = {isa = PBXFileReference; explicitFileType = "wrapper.app-extension"; includeInIndex = 0; path = backgroundnotifications.appex; sourceTree = BUILT_PRODUCTS_DIR; };
		FAF5C5352ECCBDE100E76882 /* UserNotifications.framework */ = {isa = PBXFileReference; lastKnownFileType = wrapper.framework; name = UserNotifications.framework; path = System/Library/Frameworks/UserNotifications.framework; sourceTree = SDKROOT; };
		FAF5C5612ECCBF0000E76882 /* FirebaseABTesting.framework */ = {isa = PBXFileReference; explicitFileType = wrapper.framework; path = FirebaseABTesting.framework; sourceTree = BUILT_PRODUCTS_DIR; };
		FAF5C5622ECCBF0000E76882 /* FirebaseCore.framework */ = {isa = PBXFileReference; explicitFileType = wrapper.framework; path = FirebaseCore.framework; sourceTree = BUILT_PRODUCTS_DIR; };
		FAF5C5632ECCBF0000E76882 /* FirebaseInstallations.framework */ = {isa = PBXFileReference; explicitFileType = wrapper.framework; path = FirebaseInstallations.framework; sourceTree = BUILT_PRODUCTS_DIR; };
		FAF5C5642ECCBF0000E76882 /* FirebaseMessaging.framework */ = {isa = PBXFileReference; explicitFileType = wrapper.framework; path = FirebaseMessaging.framework; sourceTree = BUILT_PRODUCTS_DIR; };
		FAF5C5652ECCBF0000E76882 /* FirebaseRemoteConfig.framework */ = {isa = PBXFileReference; explicitFileType = wrapper.framework; path = FirebaseRemoteConfig.framework; sourceTree = BUILT_PRODUCTS_DIR; };
		FAF5C5662ECCBF0000E76882 /* FirebaseRemoteConfigInterop.framework */ = {isa = PBXFileReference; explicitFileType = wrapper.framework; path = FirebaseRemoteConfigInterop.framework; sourceTree = BUILT_PRODUCTS_DIR; };
		FAF5C5672ECCBF0000E76882 /* FirebaseSharedSwift.framework */ = {isa = PBXFileReference; explicitFileType = wrapper.framework; path = FirebaseSharedSwift.framework; sourceTree = BUILT_PRODUCTS_DIR; };
		FAF5C5772ECCBF1F00E76882 /* FirebaseMessaging.framework */ = {isa = PBXFileReference; explicitFileType = wrapper.framework; path = FirebaseMessaging.framework; sourceTree = BUILT_PRODUCTS_DIR; };
/* End PBXFileReference section */

/* Begin PBXFileSystemSynchronizedBuildFileExceptionSet section */
		FAF5C5022ECCABBB00E76882 /* Exceptions for "backgroundnotifications" folder in "backgroundnotifications" target */ = {
			isa = PBXFileSystemSynchronizedBuildFileExceptionSet;
			membershipExceptions = (
				Info.plist,
			);
			target = FAF5C4F92ECCABBB00E76882 /* backgroundnotifications */;
		};
/* End PBXFileSystemSynchronizedBuildFileExceptionSet section */

/* Begin PBXFileSystemSynchronizedRootGroup section */
		FAF5C4D62ECC9FF300E76882 /* Teletester */ = {
			isa = PBXFileSystemSynchronizedRootGroup;
			path = Teletester;
			sourceTree = "<group>";
		};
		FAF5C4FB2ECCABBB00E76882 /* backgroundnotifications */ = {
			isa = PBXFileSystemSynchronizedRootGroup;
			exceptions = (
				FAF5C5022ECCABBB00E76882 /* Exceptions for "backgroundnotifications" folder in "backgroundnotifications" target */,
			);
			path = backgroundnotifications;
			sourceTree = "<group>";
		};
/* End PBXFileSystemSynchronizedRootGroup section */

/* Begin PBXFrameworksBuildPhase section */
		FAF5C4D12ECC9FF300E76882 /* Frameworks */ = {
			isa = PBXFrameworksBuildPhase;
			buildActionMask = 2147483647;
			files = (
				823CAF5BAFBB295F21391E12 /* Pods_Teletester.framework in Frameworks */,
				FAC5BB292ECDDEF6002CE575 /* DeviceActivity.framework in Frameworks */,
			);
			runOnlyForDeploymentPostprocessing = 0;
		};
		FAF5C4F72ECCABBB00E76882 /* Frameworks */ = {
			isa = PBXFrameworksBuildPhase;
			buildActionMask = 2147483647;
			files = (
				FAF5C5362ECCBDE100E76882 /* UserNotifications.framework in Frameworks */,
				BE38AA9DB0D2807093265BB6 /* Pods_backgroundnotifications.framework in Frameworks */,
			);
			runOnlyForDeploymentPostprocessing = 0;
		};
/* End PBXFrameworksBuildPhase section */

/* Begin PBXGroup section */
		564E43A7A74B137EABB31447 /* Frameworks */ = {
			isa = PBXGroup;
			children = (
				FAC5BB282ECDDEF6002CE575 /* DeviceActivity.framework */,
				FAF5C5772ECCBF1F00E76882 /* FirebaseMessaging.framework */,
				FAF5C5612ECCBF0000E76882 /* FirebaseABTesting.framework */,
				FAF5C5622ECCBF0000E76882 /* FirebaseCore.framework */,
				FAF5C5632ECCBF0000E76882 /* FirebaseInstallations.framework */,
				FAF5C5642ECCBF0000E76882 /* FirebaseMessaging.framework */,
				FAF5C5652ECCBF0000E76882 /* FirebaseRemoteConfig.framework */,
				FAF5C5662ECCBF0000E76882 /* FirebaseRemoteConfigInterop.framework */,
				FAF5C5672ECCBF0000E76882 /* FirebaseSharedSwift.framework */,
				FAF5C5352ECCBDE100E76882 /* UserNotifications.framework */,
				0D2715BE9E3A45225C4D0BA0 /* Pods_Teletester.framework */,
				627BD3C8686360DB49214F38 /* Pods_backgroundnotifications.framework */,
			);
			name = Frameworks;
			sourceTree = "<group>";
		};
		AA40799140C6A9E51F4D0FCF /* Pods */ = {
			isa = PBXGroup;
			children = (
				B13536E23BEE12349C86443C /* Pods-Teletester.debug.xcconfig */,
				3C1AD18845BAF2A10023EE44 /* Pods-Teletester.release.xcconfig */,
				9CABBA4F178EE38409458255 /* Pods-backgroundnotifications.debug.xcconfig */,
				4EE8A4DDDB36590915EB5652 /* Pods-backgroundnotifications.release.xcconfig */,
			);
			path = Pods;
			sourceTree = "<group>";
		};
		FAF5C4CB2ECC9FF300E76882 = {
			isa = PBXGroup;
			children = (
				FAF5C4D62ECC9FF300E76882 /* Teletester */,
				FAF5C4FB2ECCABBB00E76882 /* backgroundnotifications */,
				FAF5C4D52ECC9FF300E76882 /* Products */,
				AA40799140C6A9E51F4D0FCF /* Pods */,
				564E43A7A74B137EABB31447 /* Frameworks */,
			);
			sourceTree = "<group>";
		};
		FAF5C4D52ECC9FF300E76882 /* Products */ = {
			isa = PBXGroup;
			children = (
				FAF5C4D42ECC9FF300E76882 /* Teletester.app */,
				FAF5C4FA2ECCABBB00E76882 /* backgroundnotifications.appex */,
			);
			name = Products;
			sourceTree = "<group>";
		};
/* End PBXGroup section */

/* Begin PBXNativeTarget section */
		FAF5C4D32ECC9FF300E76882 /* Teletester */ = {
			isa = PBXNativeTarget;
			buildConfigurationList = FAF5C4E22ECC9FF400E76882 /* Build configuration list for PBXNativeTarget "Teletester" */;
			buildPhases = (
				FF6F408765260B24BB9F3671 /* [CP] Check Pods Manifest.lock */,
				FAF5C4D02ECC9FF300E76882 /* Sources */,
				FAF5C4D12ECC9FF300E76882 /* Frameworks */,
				FAF5C4D22ECC9FF300E76882 /* Resources */,
				FAF5C5062ECCABBB00E76882 /* Embed Foundation Extensions */,
				01BEFF126DFDD64DAAE59239 /* [CP] Embed Pods Frameworks */,
				CFBC042A36FC6377D71C43C9 /* [CP] Copy Pods Resources */,
			);
			buildRules = (
			);
			dependencies = (
				FAF5C5002ECCABBB00E76882 /* PBXTargetDependency */,
			);
			fileSystemSynchronizedGroups = (
				FAF5C4D62ECC9FF300E76882 /* Teletester */,
			);
			name = Teletester;
			packageProductDependencies = (
			);
			productName = Teletester;
			productReference = FAF5C4D42ECC9FF300E76882 /* Teletester.app */;
			productType = "com.apple.product-type.application";
		};
		FAF5C4F92ECCABBB00E76882 /* backgroundnotifications */ = {
			isa = PBXNativeTarget;
			buildConfigurationList = FAF5C5032ECCABBB00E76882 /* Build configuration list for PBXNativeTarget "backgroundnotifications" */;
			buildPhases = (
				E60E324625FFE54F9B124EA8 /* [CP] Check Pods Manifest.lock */,
				FAF5C4F62ECCABBB00E76882 /* Sources */,
				FAF5C4F72ECCABBB00E76882 /* Frameworks */,
				FAF5C4F82ECCABBB00E76882 /* Resources */,
			);
			buildRules = (
			);
			dependencies = (
			);
			fileSystemSynchronizedGroups = (
				FAF5C4FB2ECCABBB00E76882 /* backgroundnotifications */,
			);
			name = backgroundnotifications;
			packageProductDependencies = (
			);
			productName = backgroundnotifications;
			productReference = FAF5C4FA2ECCABBB00E76882 /* backgroundnotifications.appex */;
			productType = "com.apple.product-type.app-extension";
		};
/* End PBXNativeTarget section */

/* Begin PBXProject section */
		FAF5C4CC2ECC9FF300E76882 /* Project object */ = {
			isa = PBXProject;
			attributes = {
				BuildIndependentTargetsInParallel = 1;
				LastSwiftUpdateCheck = 1620;
				LastUpgradeCheck = 1620;
				TargetAttributes = {
					FAF5C4D32ECC9FF300E76882 = {
						CreatedOnToolsVersion = 16.2;
					};
					FAF5C4F92ECCABBB00E76882 = {
						CreatedOnToolsVersion = 16.2;
					};
				};
			};
			buildConfigurationList = FAF5C4CF2ECC9FF300E76882 /* Build configuration list for PBXProject "Teletester" */;
			developmentRegion = en;
			hasScannedForEncodings = 0;
			knownRegions = (
				en,
				Base,
			);
			mainGroup = FAF5C4CB2ECC9FF300E76882;
			minimizedProjectReferenceProxies = 1;
			packageReferences = (
			);
			preferredProjectObjectVersion = 77;
			productRefGroup = FAF5C4D52ECC9FF300E76882 /* Products */;
			projectDirPath = "";
			projectRoot = "";
			targets = (
				FAF5C4D32ECC9FF300E76882 /* Teletester */,
				FAF5C4F92ECCABBB00E76882 /* backgroundnotifications */,
			);
		};
/* End PBXProject section */

/* Begin PBXResourcesBuildPhase section */
		FAF5C4D22ECC9FF300E76882 /* Resources */ = {
			isa = PBXResourcesBuildPhase;
			buildActionMask = 2147483647;
			files = (
			);
			runOnlyForDeploymentPostprocessing = 0;
		};
		FAF5C4F82ECCABBB00E76882 /* Resources */ = {
			isa = PBXResourcesBuildPhase;
			buildActionMask = 2147483647;
			files = (
			);
			runOnlyForDeploymentPostprocessing = 0;
		};
/* End PBXResourcesBuildPhase section */

/* Begin PBXShellScriptBuildPhase section */
		01BEFF126DFDD64DAAE59239 /* [CP] Embed Pods Frameworks */ = {
			isa = PBXShellScriptBuildPhase;
			buildActionMask = 2147483647;
			files = (
			);
			inputFileListPaths = (
				"${PODS_ROOT}/Target Support Files/Pods-Teletester/Pods-Teletester-frameworks-${CONFIGURATION}-input-files.xcfilelist",
			);
			name = "[CP] Embed Pods Frameworks";
			outputFileListPaths = (
				"${PODS_ROOT}/Target Support Files/Pods-Teletester/Pods-Teletester-frameworks-${CONFIGURATION}-output-files.xcfilelist",
			);
			runOnlyForDeploymentPostprocessing = 0;
			shellPath = /bin/sh;
			shellScript = "\"${PODS_ROOT}/Target Support Files/Pods-Teletester/Pods-Teletester-frameworks.sh\"\n";
			showEnvVarsInLog = 0;
		};
		CFBC042A36FC6377D71C43C9 /* [CP] Copy Pods Resources */ = {
			isa = PBXShellScriptBuildPhase;
			buildActionMask = 2147483647;
			files = (
			);
			inputFileListPaths = (
				"${PODS_ROOT}/Target Support Files/Pods-Teletester/Pods-Teletester-resources-${CONFIGURATION}-input-files.xcfilelist",
			);
			name = "[CP] Copy Pods Resources";
			outputFileListPaths = (
				"${PODS_ROOT}/Target Support Files/Pods-Teletester/Pods-Teletester-resources-${CONFIGURATION}-output-files.xcfilelist",
			);
			runOnlyForDeploymentPostprocessing = 0;
			shellPath = /bin/sh;
			shellScript = "\"${PODS_ROOT}/Target Support Files/Pods-Teletester/Pods-Teletester-resources.sh\"\n";
			showEnvVarsInLog = 0;
		};
		E60E324625FFE54F9B124EA8 /* [CP] Check Pods Manifest.lock */ = {
			isa = PBXShellScriptBuildPhase;
			buildActionMask = 2147483647;
			files = (
			);
			inputFileListPaths = (
			);
			inputPaths = (
				"${PODS_PODFILE_DIR_PATH}/Podfile.lock",
				"${PODS_ROOT}/Manifest.lock",
			);
			name = "[CP] Check Pods Manifest.lock";
			outputFileListPaths = (
			);
			outputPaths = (
				"$(DERIVED_FILE_DIR)/Pods-backgroundnotifications-checkManifestLockResult.txt",
			);
			runOnlyForDeploymentPostprocessing = 0;
			shellPath = /bin/sh;
			shellScript = "diff \"${PODS_PODFILE_DIR_PATH}/Podfile.lock\" \"${PODS_ROOT}/Manifest.lock\" > /dev/null\nif [ $? != 0 ] ; then\n    # print error to STDERR\n    echo \"error: The sandbox is not in sync with the Podfile.lock. Run 'pod install' or update your CocoaPods installation.\" >&2\n    exit 1\nfi\n# This output is used by Xcode 'outputs' to avoid re-running this script phase.\necho \"SUCCESS\" > \"${SCRIPT_OUTPUT_FILE_0}\"\n";
			showEnvVarsInLog = 0;
		};
		FF6F408765260B24BB9F3671 /* [CP] Check Pods Manifest.lock */ = {
			isa = PBXShellScriptBuildPhase;
			buildActionMask = 2147483647;
			files = (
			);
			inputFileListPaths = (
			);
			inputPaths = (
				"${PODS_PODFILE_DIR_PATH}/Podfile.lock",
				"${PODS_ROOT}/Manifest.lock",
			);
			name = "[CP] Check Pods Manifest.lock";
			outputFileListPaths = (
			);
			outputPaths = (
				"$(DERIVED_FILE_DIR)/Pods-Teletester-checkManifestLockResult.txt",
			);
			runOnlyForDeploymentPostprocessing = 0;
			shellPath = /bin/sh;
			shellScript = "diff \"${PODS_PODFILE_DIR_PATH}/Podfile.lock\" \"${PODS_ROOT}/Manifest.lock\" > /dev/null\nif [ $? != 0 ] ; then\n    # print error to STDERR\n    echo \"error: The sandbox is not in sync with the Podfile.lock. Run 'pod install' or update your CocoaPods installation.\" >&2\n    exit 1\nfi\n# This output is used by Xcode 'outputs' to avoid re-running this script phase.\necho \"SUCCESS\" > \"${SCRIPT_OUTPUT_FILE_0}\"\n";
			showEnvVarsInLog = 0;
		};
/* End PBXShellScriptBuildPhase section */

/* Begin PBXSourcesBuildPhase section */
		FAF5C4D02ECC9FF300E76882 /* Sources */ = {
			isa = PBXSourcesBuildPhase;
			buildActionMask = 2147483647;
			files = (
			);
			runOnlyForDeploymentPostprocessing = 0;
		};
		FAF5C4F62ECCABBB00E76882 /* Sources */ = {
			isa = PBXSourcesBuildPhase;
			buildActionMask = 2147483647;
			files = (
			);
			runOnlyForDeploymentPostprocessing = 0;
		};
/* End PBXSourcesBuildPhase section */

/* Begin PBXTargetDependency section */
		FAF5C5002ECCABBB00E76882 /* PBXTargetDependency */ = {
			isa = PBXTargetDependency;
			target = FAF5C4F92ECCABBB00E76882 /* backgroundnotifications */;
			targetProxy = FAF5C4FF2ECCABBB00E76882 /* PBXContainerItemProxy */;
		};
/* End PBXTargetDependency section */

/* Begin XCBuildConfiguration section */
		FAF5C4E02ECC9FF400E76882 /* Debug */ = {
			isa = XCBuildConfiguration;
			buildSettings = {
				ALWAYS_SEARCH_USER_PATHS = NO;
				ASSETCATALOG_COMPILER_GENERATE_SWIFT_ASSET_SYMBOL_EXTENSIONS = YES;
				CLANG_ANALYZER_NONNULL = YES;
				CLANG_ANALYZER_NUMBER_OBJECT_CONVERSION = YES_AGGRESSIVE;
				CLANG_CXX_LANGUAGE_STANDARD = "gnu++20";
				CLANG_ENABLE_MODULES = YES;
				CLANG_ENABLE_OBJC_ARC = YES;
				CLANG_ENABLE_OBJC_WEAK = YES;
				CLANG_WARN_BLOCK_CAPTURE_AUTORELEASING = YES;
				CLANG_WARN_BOOL_CONVERSION = YES;
				CLANG_WARN_COMMA = YES;
				CLANG_WARN_CONSTANT_CONVERSION = YES;
				CLANG_WARN_DEPRECATED_OBJC_IMPLEMENTATIONS = YES;
				CLANG_WARN_DIRECT_OBJC_ISA_USAGE = YES_ERROR;
				CLANG_WARN_DOCUMENTATION_COMMENTS = YES;
				CLANG_WARN_EMPTY_BODY = YES;
				CLANG_WARN_ENUM_CONVERSION = YES;
				CLANG_WARN_INFINITE_RECURSION = YES;
				CLANG_WARN_INT_CONVERSION = YES;
				CLANG_WARN_NON_LITERAL_NULL_CONVERSION = YES;
				CLANG_WARN_OBJC_IMPLICIT_RETAIN_SELF = YES;
				CLANG_WARN_OBJC_LITERAL_CONVERSION = YES;
				CLANG_WARN_OBJC_ROOT_CLASS = YES_ERROR;
				CLANG_WARN_QUOTED_INCLUDE_IN_FRAMEWORK_HEADER = YES;
				CLANG_WARN_RANGE_LOOP_ANALYSIS = YES;
				CLANG_WARN_STRICT_PROTOTYPES = YES;
				CLANG_WARN_SUSPICIOUS_MOVE = YES;
				CLANG_WARN_UNGUARDED_AVAILABILITY = YES_AGGRESSIVE;
				CLANG_WARN_UNREACHABLE_CODE = YES;
				CLANG_WARN__DUPLICATE_METHOD_MATCH = YES;
				COPY_PHASE_STRIP = NO;
				DEBUG_INFORMATION_FORMAT = dwarf;
				ENABLE_STRICT_OBJC_MSGSEND = YES;
				ENABLE_TESTABILITY = YES;
				ENABLE_USER_SCRIPT_SANDBOXING = NO;
				GCC_C_LANGUAGE_STANDARD = gnu17;
				GCC_DYNAMIC_NO_PIC = NO;
				GCC_NO_COMMON_BLOCKS = YES;
				GCC_OPTIMIZATION_LEVEL = 0;
				GCC_PREPROCESSOR_DEFINITIONS = (
					"DEBUG=1",
					"$(inherited)",
				);
				GCC_WARN_64_TO_32_BIT_CONVERSION = YES;
				GCC_WARN_ABOUT_RETURN_TYPE = YES_ERROR;
				GCC_WARN_UNDECLARED_SELECTOR = YES;
				GCC_WARN_UNINITIALIZED_AUTOS = YES_AGGRESSIVE;
				GCC_WARN_UNUSED_FUNCTION = YES;
				GCC_WARN_UNUSED_VARIABLE = YES;
				IPHONEOS_DEPLOYMENT_TARGET = 18.2;
				LOCALIZATION_PREFERS_STRING_CATALOGS = YES;
				MTL_ENABLE_DEBUG_INFO = INCLUDE_SOURCE;
				MTL_FAST_MATH = YES;
				ONLY_ACTIVE_ARCH = YES;
				SDKROOT = iphoneos;
				SWIFT_ACTIVE_COMPILATION_CONDITIONS = "DEBUG $(inherited)";
				SWIFT_OPTIMIZATION_LEVEL = "-Onone";
			};
			name = Debug;
		};
		FAF5C4E12ECC9FF400E76882 /* Release */ = {
			isa = XCBuildConfiguration;
			buildSettings = {
				ALWAYS_SEARCH_USER_PATHS = NO;
				ASSETCATALOG_COMPILER_GENERATE_SWIFT_ASSET_SYMBOL_EXTENSIONS = YES;
				CLANG_ANALYZER_NONNULL = YES;
				CLANG_ANALYZER_NUMBER_OBJECT_CONVERSION = YES_AGGRESSIVE;
				CLANG_CXX_LANGUAGE_STANDARD = "gnu++20";
				CLANG_ENABLE_MODULES = YES;
				CLANG_ENABLE_OBJC_ARC = YES;
				CLANG_ENABLE_OBJC_WEAK = YES;
				CLANG_WARN_BLOCK_CAPTURE_AUTORELEASING = YES;
				CLANG_WARN_BOOL_CONVERSION = YES;
				CLANG_WARN_COMMA = YES;
				CLANG_WARN_CONSTANT_CONVERSION = YES;
				CLANG_WARN_DEPRECATED_OBJC_IMPLEMENTATIONS = YES;
				CLANG_WARN_DIRECT_OBJC_ISA_USAGE = YES_ERROR;
				CLANG_WARN_DOCUMENTATION_COMMENTS = YES;
				CLANG_WARN_EMPTY_BODY = YES;
				CLANG_WARN_ENUM_CONVERSION = YES;
				CLANG_WARN_INFINITE_RECURSION = YES;
				CLANG_WARN_INT_CONVERSION = YES;
				CLANG_WARN_NON_LITERAL_NULL_CONVERSION = YES;
				CLANG_WARN_OBJC_IMPLICIT_RETAIN_SELF = YES;
				CLANG_WARN_OBJC_LITERAL_CONVERSION = YES;
				CLANG_WARN_OBJC_ROOT_CLASS = YES_ERROR;
				CLANG_WARN_QUOTED_INCLUDE_IN_FRAMEWORK_HEADER = YES;
				CLANG_WARN_RANGE_LOOP_ANALYSIS = YES;
				CLANG_WARN_STRICT_PROTOTYPES = YES;
				CLANG_WARN_SUSPICIOUS_MOVE = YES;
				CLANG_WARN_UNGUARDED_AVAILABILITY = YES_AGGRESSIVE;
				CLANG_WARN_UNREACHABLE_CODE = YES;
				CLANG_WARN__DUPLICATE_METHOD_MATCH = YES;
				COPY_PHASE_STRIP = NO;
				DEBUG_INFORMATION_FORMAT = "dwarf-with-dsym";
				ENABLE_NS_ASSERTIONS = NO;
				ENABLE_STRICT_OBJC_MSGSEND = YES;
				ENABLE_USER_SCRIPT_SANDBOXING = NO;
				GCC_C_LANGUAGE_STANDARD = gnu17;
				GCC_NO_COMMON_BLOCKS = YES;
				GCC_WARN_64_TO_32_BIT_CONVERSION = YES;
				GCC_WARN_ABOUT_RETURN_TYPE = YES_ERROR;
				GCC_WARN_UNDECLARED_SELECTOR = YES;
				GCC_WARN_UNINITIALIZED_AUTOS = YES_AGGRESSIVE;
				GCC_WARN_UNUSED_FUNCTION = YES;
				GCC_WARN_UNUSED_VARIABLE = YES;
				IPHONEOS_DEPLOYMENT_TARGET = 18.2;
				LOCALIZATION_PREFERS_STRING_CATALOGS = YES;
				MTL_ENABLE_DEBUG_INFO = NO;
				MTL_FAST_MATH = YES;
				SDKROOT = iphoneos;
				SWIFT_COMPILATION_MODE = wholemodule;
				VALIDATE_PRODUCT = YES;
			};
			name = Release;
		};
		FAF5C4E32ECC9FF400E76882 /* Debug */ = {
			isa = XCBuildConfiguration;
			baseConfigurationReference = B13536E23BEE12349C86443C /* Pods-Teletester.debug.xcconfig */;
			buildSettings = {
				ASSETCATALOG_COMPILER_APPICON_NAME = AppIcon;
				ASSETCATALOG_COMPILER_GLOBAL_ACCENT_COLOR_NAME = AccentColor;
				CODE_SIGN_STYLE = Automatic;
				CURRENT_PROJECT_VERSION = 1;
				DEVELOPMENT_ASSET_PATHS = "\"Teletester/Preview Content\"";
				ENABLE_PREVIEWS = YES;
				ENABLE_USER_SCRIPT_SANDBOXING = NO;
				GENERATE_INFOPLIST_FILE = YES;
				INFOPLIST_KEY_LSApplicationCategoryType = "public.app-category.entertainment";
				INFOPLIST_KEY_UIApplicationSceneManifest_Generation = YES;
				INFOPLIST_KEY_UIApplicationSupportsIndirectInputEvents = YES;
				INFOPLIST_KEY_UILaunchScreen_Generation = YES;
				INFOPLIST_KEY_UISupportedInterfaceOrientations_iPad = "UIInterfaceOrientationPortrait UIInterfaceOrientationPortraitUpsideDown UIInterfaceOrientationLandscapeLeft UIInterfaceOrientationLandscapeRight";
				INFOPLIST_KEY_UISupportedInterfaceOrientations_iPhone = "UIInterfaceOrientationPortrait UIInterfaceOrientationLandscapeLeft UIInterfaceOrientationLandscapeRight";
				LD_RUNPATH_SEARCH_PATHS = (
					"$(inherited)",
					"@executable_path/Frameworks",
				);
				MARKETING_VERSION = 1.0;
				PRODUCT_BUNDLE_IDENTIFIER = com.puplaplay.braincheck;
				PRODUCT_NAME = "$(TARGET_NAME)";
				SWIFT_EMIT_LOC_STRINGS = YES;
				SWIFT_VERSION = 5.0;
				TARGETED_DEVICE_FAMILY = "1,2";
			};
			name = Debug;
		};
		FAF5C4E42ECC9FF400E76882 /* Release */ = {
			isa = XCBuildConfiguration;
			baseConfigurationReference = 3C1AD18845BAF2A10023EE44 /* Pods-Teletester.release.xcconfig */;
			buildSettings = {
				ASSETCATALOG_COMPILER_APPICON_NAME = AppIcon;
				ASSETCATALOG_COMPILER_GLOBAL_ACCENT_COLOR_NAME = AccentColor;
				CODE_SIGN_STYLE = Automatic;
				CURRENT_PROJECT_VERSION = 1;
				DEVELOPMENT_ASSET_PATHS = "\"Teletester/Preview Content\"";
				ENABLE_PREVIEWS = YES;
				ENABLE_USER_SCRIPT_SANDBOXING = NO;
				GENERATE_INFOPLIST_FILE = YES;
				INFOPLIST_KEY_LSApplicationCategoryType = "public.app-category.entertainment";
				INFOPLIST_KEY_UIApplicationSceneManifest_Generation = YES;
				INFOPLIST_KEY_UIApplicationSupportsIndirectInputEvents = YES;
				INFOPLIST_KEY_UILaunchScreen_Generation = YES;
				INFOPLIST_KEY_UISupportedInterfaceOrientations_iPad = "UIInterfaceOrientationPortrait UIInterfaceOrientationPortraitUpsideDown UIInterfaceOrientationLandscapeLeft UIInterfaceOrientationLandscapeRight";
				INFOPLIST_KEY_UISupportedInterfaceOrientations_iPhone = "UIInterfaceOrientationPortrait UIInterfaceOrientationLandscapeLeft UIInterfaceOrientationLandscapeRight";
				LD_RUNPATH_SEARCH_PATHS = (
					"$(inherited)",
					"@executable_path/Frameworks",
				);
				MARKETING_VERSION = 1.0;
				PRODUCT_BUNDLE_IDENTIFIER = com.puplaplay.braincheck;
				PRODUCT_NAME = "$(TARGET_NAME)";
				SWIFT_EMIT_LOC_STRINGS = YES;
				SWIFT_VERSION = 5.0;
				TARGETED_DEVICE_FAMILY = "1,2";
			};
			name = Release;
		};
		FAF5C5042ECCABBB00E76882 /* Debug */ = {
			isa = XCBuildConfiguration;
			baseConfigurationReference = 9CABBA4F178EE38409458255 /* Pods-backgroundnotifications.debug.xcconfig */;
			buildSettings = {
				CODE_SIGN_STYLE = Automatic;
				CURRENT_PROJECT_VERSION = 1;
				ENABLE_USER_SCRIPT_SANDBOXING = NO;
				GENERATE_INFOPLIST_FILE = YES;
				INFOPLIST_FILE = backgroundnotifications/Info.plist;
				INFOPLIST_KEY_CFBundleDisplayName = backgroundnotifications;
				INFOPLIST_KEY_NSHumanReadableCopyright = "";
				IPHONEOS_DEPLOYMENT_TARGET = 15.6;
				LD_RUNPATH_SEARCH_PATHS = (
					"$(inherited)",
					"@executable_path/Frameworks",
					"@executable_path/../../Frameworks",
				);
				MARKETING_VERSION = 1.0;
				PRODUCT_BUNDLE_IDENTIFIER = com.puplaplay.braincheck.backgroundnotifications;
				PRODUCT_NAME = "$(TARGET_NAME)";
				SKIP_INSTALL = YES;
				SWIFT_EMIT_LOC_STRINGS = YES;
				SWIFT_VERSION = 5.0;
				TARGETED_DEVICE_FAMILY = "1,2";
			};
			name = Debug;
		};
		FAF5C5052ECCABBB00E76882 /* Release */ = {
			isa = XCBuildConfiguration;
			baseConfigurationReference = 4EE8A4DDDB36590915EB5652 /* Pods-backgroundnotifications.release.xcconfig */;
			buildSettings = {
				CODE_SIGN_STYLE = Automatic;
				CURRENT_PROJECT_VERSION = 1;
				ENABLE_USER_SCRIPT_SANDBOXING = NO;
				GENERATE_INFOPLIST_FILE = YES;
				INFOPLIST_FILE = backgroundnotifications/Info.plist;
				INFOPLIST_KEY_CFBundleDisplayName = backgroundnotifications;
				INFOPLIST_KEY_NSHumanReadableCopyright = "";
				IPHONEOS_DEPLOYMENT_TARGET = 15.6;
				LD_RUNPATH_SEARCH_PATHS = (
					"$(inherited)",
					"@executable_path/Frameworks",
					"@executable_path/../../Frameworks",
				);
				MARKETING_VERSION = 1.0;
				PRODUCT_BUNDLE_IDENTIFIER = com.puplaplay.braincheck.backgroundnotifications;
				PRODUCT_NAME = "$(TARGET_NAME)";
				SKIP_INSTALL = YES;
				SWIFT_EMIT_LOC_STRINGS = YES;
				SWIFT_VERSION = 5.0;
				TARGETED_DEVICE_FAMILY = "1,2";
			};
			name = Release;
		};
/* End XCBuildConfiguration section */

/* Begin XCConfigurationList section */
		FAF5C4CF2ECC9FF300E76882 /* Build configuration list for PBXProject "Teletester" */ = {
			isa = XCConfigurationList;
			buildConfigurations = (
				FAF5C4E02ECC9FF400E76882 /* Debug */,
				FAF5C4E12ECC9FF400E76882 /* Release */,
			);
			defaultConfigurationIsVisible = 0;
			defaultConfigurationName = Release;
		};
		FAF5C4E22ECC9FF400E76882 /* Build configuration list for PBXNativeTarget "Teletester" */ = {
			isa = XCConfigurationList;
			buildConfigurations = (
				FAF5C4E32ECC9FF400E76882 /* Debug */,
				FAF5C4E42ECC9FF400E76882 /* Release */,
			);
			defaultConfigurationIsVisible = 0;
			defaultConfigurationName = Release;
		};
		FAF5C5032ECCABBB00E76882 /* Build configuration list for PBXNativeTarget "backgroundnotifications" */ = {
			isa = XCConfigurationList;
			buildConfigurations = (
				FAF5C5042ECCABBB00E76882 /* Debug */,
				FAF5C5052ECCABBB00E76882 /* Release */,
			);
			defaultConfigurationIsVisible = 0;
			defaultConfigurationName = Release;
		};
/* End XCConfigurationList section */
	};
	rootObject = FAF5C4CC2ECC9FF300E76882 /* Project object */;
}
